
Microsoft Visual Studio Solution File, Format Version 12.00
# Visual Studio Version 16
VisualStudioVersion = 16.0.29503.13
MinimumVisualStudioVersion = 15.0.26124.0
Project("{9A19103F-16F7-4668-BE54-9A1E7A4F7556}") = "TennisASP", "TennisASP\TennisASP.csproj", "{8E0847BF-D4F8-4280-B25D-8F50120D3951}"
EndProject
Project("{FAE04EC0-301F-11D3-BF4B-00C04F79EFBC}") = "TennisDB", "TennisDB\TennisDB.csproj", "{6EE25DF3-1EA0-418F-93E6-71B807EB2704}"
EndProject
Global
	GlobalSection(SolutionConfigurationPlatforms) = preSolution
		Debug|Any CPU = Debug|Any CPU
		Debug|x64 = Debug|x64
		Debug|x86 = Debug|x86
		Release|Any CPU = Release|Any CPU
		Release|x64 = Release|x64
		Release|x86 = Release|x86
	EndGlobalSection
	GlobalSection(ProjectConfigurationPlatforms) = postSolution
		{8E0847BF-D4F8-4280-B25D-8F50120D3951}.Debug|Any CPU.ActiveCfg = Debug|Any CPU
		{8E0847BF-D4F8-4280-B25D-8F50120D3951}.Debug|Any CPU.Build.0 = Debug|Any CPU
		{8E0847BF-D4F8-4280-B25D-8F50120D3951}.Debug|x64.ActiveCfg = Debug|Any CPU
		{8E0847BF-D4F8-4280-B25D-8F50120D3951}.Debug|x64.Build.0 = Debug|Any CPU
		{8E0847BF-D4F8-4280-B25D-8F50120D3951}.Debug|x86.ActiveCfg = Debug|Any CPU
		{8E0847BF-D4F8-4280-B25D-8F50120D3951}.Debug|x86.Build.0 = Debug|Any CPU
		{8E0847BF-D4F8-4280-B25D-8F50120D3951}.Release|Any CPU.ActiveCfg = Release|Any CPU
		{8E0847BF-D4F8-4280-B25D-8F50120D3951}.Release|Any CPU.Build.0 = Release|Any CPU
		{8E0847BF-D4F8-4280-B25D-8F50120D3951}.Release|x64.ActiveCfg = Release|Any CPU
		{8E0847BF-D4F8-4280-B25D-8F50120D3951}.Release|x64.Build.0 = Release|Any CPU
		{8E0847BF-D4F8-4280-B25D-8F50120D3951}.Release|x86.ActiveCfg = Release|Any CPU
		{8E0847BF-D4F8-4280-B25D-8F50120D3951}.Release|x86.Build.0 = Release|Any CPU
		{6EE25DF3-1EA0-418F-93E6-71B807EB2704}.Debug|Any CPU.ActiveCfg = Debug|Any CPU
		{6EE25DF3-1EA0-418F-93E6-71B807EB2704}.Debug|Any CPU.Build.0 = Debug|Any CPU
		{6EE25DF3-1EA0-418F-93E6-71B807EB2704}.Debug|x64.ActiveCfg = Debug|Any CPU
		{6EE25DF3-1EA0-418F-93E6-71B807EB2704}.Debug|x64.Build.0 = Debug|Any CPU
		{6EE25DF3-1EA0-418F-93E6-71B807EB2704}.Debug|x86.ActiveCfg = Debug|Any CPU
		{6EE25DF3-1EA0-418F-93E6-71B807EB2704}.Debug|x86.Build.0 = Debug|Any CPU
		{6EE25DF3-1EA0-418F-93E6-71B807EB2704}.Release|Any CPU.ActiveCfg = Release|Any CPU
		{6EE25DF3-1EA0-418F-93E6-71B807EB2704}.Release|Any CPU.Build.0 = Release|Any CPU
		{6EE25DF3-1EA0-418F-93E6-71B807EB2704}.Release|x64.ActiveCfg = Release|Any CPU
		{6EE25DF3-1EA0-418F-93E6-71B807EB2704}.Release|x64.Build.0 = Release|Any CPU
		{6EE25DF3-1EA0-418F-93E6-71B807EB2704}.Release|x86.ActiveCfg = Release|Any CPU
		{6EE25DF3-1EA0-418F-93E6-71B807EB2704}.Release|x86.Build.0 = Release|Any CPU
	EndGlobalSection
	GlobalSection(SolutionProperties) = preSolution
		HideSolutionNode = FALSE
	EndGlobalSection
	GlobalSection(ExtensibilityGlobals) = postSolution
		SolutionGuid = {450D29CD-1AB5-4AC1-BDDD-63292B63DF89}
	EndGlobalSection
EndGlobal
